
Microsoft Visual Studio Solution File, Format Version 12.00
# Blend for Visual Studio Version 16
VisualStudioVersion = 16.0.29911.84
MinimumVisualStudioVersion = 10.0.40219.1
Project("{FAE04EC0-301F-11D3-BF4B-00C04F79EFBC}") = "UWPLab", "UWPLab\UWPLab.csproj", "{EA7E0C25-F6DD-46BE-994D-A950B54CF42B}"
EndProject
Project("{9A19103F-16F7-4668-BE54-9A1E7A4F7556}") = "UWPLab.Core", "UWPLab.Core\UWPLab.Core.csproj", "{5E9097D9-387B-48FA-B428-DD68C8AA0C45}"
EndProject
Project("{FAE04EC0-301F-11D3-BF4B-00C04F79EFBC}") = "CameraOpenCV", "CameraOpenCV\CameraOpenCV.csproj", "{BC9DDB2B-6C34-4903-9F0E-CC87CFE0DAE4}"
EndProject
Global
	GlobalSection(SolutionConfigurationPlatforms) = preSolution
		Debug|Any CPU = Debug|Any CPU
		Debug|ARM = Debug|ARM
		Debug|ARM64 = Debug|ARM64
		Debug|x64 = Debug|x64
		Debug|x86 = Debug|x86
		Release|Any CPU = Release|Any CPU
		Release|ARM = Release|ARM
		Release|ARM64 = Release|ARM64
		Release|x64 = Release|x64
		Release|x86 = Release|x86
	EndGlobalSection
	GlobalSection(ProjectConfigurationPlatforms) = postSolution
		{EA7E0C25-F6DD-46BE-994D-A950B54CF42B}.Debug|Any CPU.ActiveCfg = Debug|x86
		{EA7E0C25-F6DD-46BE-994D-A950B54CF42B}.Debug|ARM.ActiveCfg = Debug|ARM
		{EA7E0C25-F6DD-46BE-994D-A950B54CF42B}.Debug|ARM.Build.0 = Debug|ARM
		{EA7E0C25-F6DD-46BE-994D-A950B54CF42B}.Debug|ARM.Deploy.0 = Debug|ARM
		{EA7E0C25-F6DD-46BE-994D-A950B54CF42B}.Debug|ARM64.ActiveCfg = Debug|ARM64
		{EA7E0C25-F6DD-46BE-994D-A950B54CF42B}.Debug|ARM64.Build.0 = Debug|ARM64
		{EA7E0C25-F6DD-46BE-994D-A950B54CF42B}.Debug|ARM64.Deploy.0 = Debug|ARM64
		{EA7E0C25-F6DD-46BE-994D-A950B54CF42B}.Debug|x64.ActiveCfg = Debug|x64
		{EA7E0C25-F6DD-46BE-994D-A950B54CF42B}.Debug|x64.Build.0 = Debug|x64
		{EA7E0C25-F6DD-46BE-994D-A950B54CF42B}.Debug|x64.Deploy.0 = Debug|x64
		{EA7E0C25-F6DD-46BE-994D-A950B54CF42B}.Debug|x86.ActiveCfg = Debug|x86
		{EA7E0C25-F6DD-46BE-994D-A950B54CF42B}.Debug|x86.Build.0 = Debug|x86
		{EA7E0C25-F6DD-46BE-994D-A950B54CF42B}.Debug|x86.Deploy.0 = Debug|x86
		{EA7E0C25-F6DD-46BE-994D-A950B54CF42B}.Release|Any CPU.ActiveCfg = Release|x86
		{EA7E0C25-F6DD-46BE-994D-A950B54CF42B}.Release|ARM.ActiveCfg = Release|ARM
		{EA7E0C25-F6DD-46BE-994D-A950B54CF42B}.Release|ARM.Build.0 = Release|ARM
		{EA7E0C25-F6DD-46BE-994D-A950B54CF42B}.Release|ARM.Deploy.0 = Release|ARM
		{EA7E0C25-F6DD-46BE-994D-A950B54CF42B}.Release|ARM64.ActiveCfg = Release|ARM64
		{EA7E0C25-F6DD-46BE-994D-A950B54CF42B}.Release|ARM64.Build.0 = Release|ARM64
		{EA7E0C25-F6DD-46BE-994D-A950B54CF42B}.Release|ARM64.Deploy.0 = Release|ARM64
		{EA7E0C25-F6DD-46BE-994D-A950B54CF42B}.Release|x64.ActiveCfg = Release|x64
		{EA7E0C25-F6DD-46BE-994D-A950B54CF42B}.Release|x64.Build.0 = Release|x64
		{EA7E0C25-F6DD-46BE-994D-A950B54CF42B}.Release|x64.Deploy.0 = Release|x64
		{EA7E0C25-F6DD-46BE-994D-A950B54CF42B}.Release|x86.ActiveCfg = Release|x86
		{EA7E0C25-F6DD-46BE-994D-A950B54CF42B}.Release|x86.Build.0 = Release|x86
		{EA7E0C25-F6DD-46BE-994D-A950B54CF42B}.Release|x86.Deploy.0 = Release|x86
		{5E9097D9-387B-48FA-B428-DD68C8AA0C45}.Debug|Any CPU.ActiveCfg = Debug|Any CPU
		{5E9097D9-387B-48FA-B428-DD68C8AA0C45}.Debug|Any CPU.Build.0 = Debug|Any CPU
		{5E9097D9-387B-48FA-B428-DD68C8AA0C45}.Debug|ARM.ActiveCfg = Debug|Any CPU
		{5E9097D9-387B-48FA-B428-DD68C8AA0C45}.Debug|ARM.Build.0 = Debug|Any CPU
		{5E9097D9-387B-48FA-B428-DD68C8AA0C45}.Debug|ARM64.ActiveCfg = Debug|Any CPU
		{5E9097D9-387B-48FA-B428-DD68C8AA0C45}.Debug|ARM64.Build.0 = Debug|Any CPU
		{5E9097D9-387B-48FA-B428-DD68C8AA0C45}.Debug|x64.ActiveCfg = Debug|Any CPU
		{5E9097D9-387B-48FA-B428-DD68C8AA0C45}.Debug|x64.Build.0 = Debug|Any CPU
		{5E9097D9-387B-48FA-B428-DD68C8AA0C45}.Debug|x86.ActiveCfg = Debug|Any CPU
		{5E9097D9-387B-48FA-B428-DD68C8AA0C45}.Debug|x86.Build.0 = Debug|Any CPU
		{5E9097D9-387B-48FA-B428-DD68C8AA0C45}.Release|Any CPU.ActiveCfg = Release|Any CPU
		{5E9097D9-387B-48FA-B428-DD68C8AA0C45}.Release|Any CPU.Build.0 = Release|Any CPU
		{5E9097D9-387B-48FA-B428-DD68C8AA0C45}.Release|ARM.ActiveCfg = Release|Any CPU
		{5E9097D9-387B-48FA-B428-DD68C8AA0C45}.Release|ARM.Build.0 = Release|Any CPU
		{5E9097D9-387B-48FA-B428-DD68C8AA0C45}.Release|ARM64.ActiveCfg = Release|Any CPU
		{5E9097D9-387B-48FA-B428-DD68C8AA0C45}.Release|ARM64.Build.0 = Release|Any CPU
		{5E9097D9-387B-48FA-B428-DD68C8AA0C45}.Release|x64.ActiveCfg = Release|Any CPU
		{5E9097D9-387B-48FA-B428-DD68C8AA0C45}.Release|x64.Build.0 = Release|Any CPU
		{5E9097D9-387B-48FA-B428-DD68C8AA0C45}.Release|x86.ActiveCfg = Release|Any CPU
		{5E9097D9-387B-48FA-B428-DD68C8AA0C45}.Release|x86.Build.0 = Release|Any CPU
		{BC9DDB2B-6C34-4903-9F0E-CC87CFE0DAE4}.Debug|Any CPU.ActiveCfg = Debug|x86
		{BC9DDB2B-6C34-4903-9F0E-CC87CFE0DAE4}.Debug|ARM.ActiveCfg = Debug|ARM
		{BC9DDB2B-6C34-4903-9F0E-CC87CFE0DAE4}.Debug|ARM.Build.0 = Debug|ARM
		{BC9DDB2B-6C34-4903-9F0E-CC87CFE0DAE4}.Debug|ARM.Deploy.0 = Debug|ARM
		{BC9DDB2B-6C34-4903-9F0E-CC87CFE0DAE4}.Debug|ARM64.ActiveCfg = Debug|ARM64
		{BC9DDB2B-6C34-4903-9F0E-CC87CFE0DAE4}.Debug|ARM64.Build.0 = Debug|ARM64
		{BC9DDB2B-6C34-4903-9F0E-CC87CFE0DAE4}.Debug|ARM64.Deploy.0 = Debug|ARM64
		{BC9DDB2B-6C34-4903-9F0E-CC87CFE0DAE4}.Debug|x64.ActiveCfg = Debug|x64
		{BC9DDB2B-6C34-4903-9F0E-CC87CFE0DAE4}.Debug|x64.Build.0 = Debug|x64
		{BC9DDB2B-6C34-4903-9F0E-CC87CFE0DAE4}.Debug|x64.Deploy.0 = Debug|x64
		{BC9DDB2B-6C34-4903-9F0E-CC87CFE0DAE4}.Debug|x86.ActiveCfg = Debug|x86
		{BC9DDB2B-6C34-4903-9F0E-CC87CFE0DAE4}.Debug|x86.Build.0 = Debug|x86
		{BC9DDB2B-6C34-4903-9F0E-CC87CFE0DAE4}.Debug|x86.Deploy.0 = Debug|x86
		{BC9DDB2B-6C34-4903-9F0E-CC87CFE0DAE4}.Release|Any CPU.ActiveCfg = Release|x86
		{BC9DDB2B-6C34-4903-9F0E-CC87CFE0DAE4}.Release|ARM.ActiveCfg = Release|ARM
		{BC9DDB2B-6C34-4903-9F0E-CC87CFE0DAE4}.Release|ARM.Build.0 = Release|ARM
		{BC9DDB2B-6C34-4903-9F0E-CC87CFE0DAE4}.Release|ARM.Deploy.0 = Release|ARM
		{BC9DDB2B-6C34-4903-9F0E-CC87CFE0DAE4}.Release|ARM64.ActiveCfg = Release|ARM64
		{BC9DDB2B-6C34-4903-9F0E-CC87CFE0DAE4}.Release|ARM64.Build.0 = Release|ARM64
		{BC9DDB2B-6C34-4903-9F0E-CC87CFE0DAE4}.Release|ARM64.Deploy.0 = Release|ARM64
		{BC9DDB2B-6C34-4903-9F0E-CC87CFE0DAE4}.Release|x64.ActiveCfg = Release|x64
		{BC9DDB2B-6C34-4903-9F0E-CC87CFE0DAE4}.Release|x64.Build.0 = Release|x64
		{BC9DDB2B-6C34-4903-9F0E-CC87CFE0DAE4}.Release|x64.Deploy.0 = Release|x64
		{BC9DDB2B-6C34-4903-9F0E-CC87CFE0DAE4}.Release|x86.ActiveCfg = Release|x86
		{BC9DDB2B-6C34-4903-9F0E-CC87CFE0DAE4}.Release|x86.Build.0 = Release|x86
		{BC9DDB2B-6C34-4903-9F0E-CC87CFE0DAE4}.Release|x86.Deploy.0 = Release|x86
	EndGlobalSection
	GlobalSection(SolutionProperties) = preSolution
		HideSolutionNode = FALSE
	EndGlobalSection
	GlobalSection(ExtensibilityGlobals) = postSolution
		SolutionGuid = {F9B1657A-C4F9-4BB8-8C66-4281DDC2D876}
	EndGlobalSection
EndGlobal
